
Microsoft Visual Studio Solution File, Format Version 12.00
# Visual Studio 15
VisualStudioVersion = 15.0.28010.2003
MinimumVisualStudioVersion = 10.0.40219.1
Project("{FAE04EC0-301F-11D3-BF4B-00C04F79EFBC}") = "HelloWorld", "HelloWorld\HelloWorld.csproj", "{DE25D633-0845-49D6-8CF6-121BB5C85E6C}"
EndProject
Global
	GlobalSection(SolutionConfigurationPlatforms) = preSolution
		Debug|Any CPU = Debug|Any CPU
		Release|Any CPU = Release|Any CPU
	EndGlobalSection
	GlobalSection(ProjectConfigurationPlatforms) = postSolution
		{DE25D633-0845-49D6-8CF6-121BB5C85E6C}.Debug|Any CPU.ActiveCfg = Debug|Any CPU
		{DE25D633-0845-49D6-8CF6-121BB5C85E6C}.Debug|Any CPU.Build.0 = Debug|Any CPU
		{DE25D633-0845-49D6-8CF6-121BB5C85E6C}.Release|Any CPU.ActiveCfg = Release|Any CPU
		{DE25D633-0845-49D6-8CF6-121BB5C85E6C}.Release|Any CPU.Build.0 = Release|Any CPU
	EndGlobalSection
	GlobalSection(SolutionProperties) = preSolution
		HideSolutionNode = FALSE
	EndGlobalSection
	GlobalSection(ExtensibilityGlobals) = postSolution
		SolutionGuid = {A9955125-B8C3-460A-A506-ED654CC6CEAC}
	EndGlobalSection
EndGlobal
